
Microsoft Visual Studio Solution File, Format Version 12.00
# Visual Studio Version 17
VisualStudioVersion = 17.0.31903.59
MinimumVisualStudioVersion = 10.0.40219.1
Project("{2150E333-8FDC-42A3-9474-1A3956D46DE8}") = "src", "src", "{827E0CD3-B72D-47B6-A68D-7590B98EB39B}"
EndProject
Project("{FAE04EC0-301F-11D3-BF4B-00C04F79EFBC}") = "VBMigrator.Core", "src\VBMigrator.Core\VBMigrator.Core.csproj", "{5E774426-FBC5-4740-B780-2F2EF30FA91D}"
EndProject
Project("{FAE04EC0-301F-11D3-BF4B-00C04F79EFBC}") = "VBMigrator.CLI", "src\VBMigrator.CLI\VBMigrator.CLI.csproj", "{E5411004-1C91-40B4-BA14-A3A426256900}"
EndProject
Project("{2150E333-8FDC-42A3-9474-1A3956D46DE8}") = "tests", "tests", "{0AB3BF05-4346-4AA6-1389-037BE0695223}"
EndProject
Project("{FAE04EC0-301F-11D3-BF4B-00C04F79EFBC}") = "VBMigrator.Core.Tests", "tests\VBMigrator.Core.Tests\VBMigrator.Core.Tests.csproj", "{143C6D50-7AC1-4FB9-8651-689F73A3B823}"
EndProject
Project("{FAE04EC0-301F-11D3-BF4B-00C04F79EFBC}") = "VBMigrator.VSIX", "src\VBMigrator.VSIX\VBMigrator.VSIX.csproj", "{54EEAE05-7850-444A-8372-61E6F098AA22}"
EndProject
Project("{FAE04EC0-301F-11D3-BF4B-00C04F79EFBC}") = "VBMigrator.Integration.Tests", "tests\VBMigrator.Integration.Tests\VBMigrator.Integration.Tests.csproj", "{A229C078-26EC-40D8-849E-4141FEC03F05}"
EndProject
Global
	GlobalSection(SolutionConfigurationPlatforms) = preSolution
		Debug|Any CPU = Debug|Any CPU
		Debug|x64 = Debug|x64
		Debug|x86 = Debug|x86
		Release|Any CPU = Release|Any CPU
		Release|x64 = Release|x64
		Release|x86 = Release|x86
	EndGlobalSection
	GlobalSection(ProjectConfigurationPlatforms) = postSolution
		{5E774426-FBC5-4740-B780-2F2EF30FA91D}.Debug|Any CPU.ActiveCfg = Debug|Any CPU
		{5E774426-FBC5-4740-B780-2F2EF30FA91D}.Debug|Any CPU.Build.0 = Debug|Any CPU
		{5E774426-FBC5-4740-B780-2F2EF30FA91D}.Debug|x64.ActiveCfg = Debug|Any CPU
		{5E774426-FBC5-4740-B780-2F2EF30FA91D}.Debug|x64.Build.0 = Debug|Any CPU
		{5E774426-FBC5-4740-B780-2F2EF30FA91D}.Debug|x86.ActiveCfg = Debug|Any CPU
		{5E774426-FBC5-4740-B780-2F2EF30FA91D}.Debug|x86.Build.0 = Debug|Any CPU
		{5E774426-FBC5-4740-B780-2F2EF30FA91D}.Release|Any CPU.ActiveCfg = Release|Any CPU
		{5E774426-FBC5-4740-B780-2F2EF30FA91D}.Release|Any CPU.Build.0 = Release|Any CPU
		{5E774426-FBC5-4740-B780-2F2EF30FA91D}.Release|x64.ActiveCfg = Release|Any CPU
		{5E774426-FBC5-4740-B780-2F2EF30FA91D}.Release|x64.Build.0 = Release|Any CPU
		{5E774426-FBC5-4740-B780-2F2EF30FA91D}.Release|x86.ActiveCfg = Release|Any CPU
		{5E774426-FBC5-4740-B780-2F2EF30FA91D}.Release|x86.Build.0 = Release|Any CPU
		{E5411004-1C91-40B4-BA14-A3A426256900}.Debug|Any CPU.ActiveCfg = Debug|Any CPU
		{E5411004-1C91-40B4-BA14-A3A426256900}.Debug|Any CPU.Build.0 = Debug|Any CPU
		{E5411004-1C91-40B4-BA14-A3A426256900}.Debug|x64.ActiveCfg = Debug|Any CPU
		{E5411004-1C91-40B4-BA14-A3A426256900}.Debug|x64.Build.0 = Debug|Any CPU
		{E5411004-1C91-40B4-BA14-A3A426256900}.Debug|x86.ActiveCfg = Debug|Any CPU
		{E5411004-1C91-40B4-BA14-A3A426256900}.Debug|x86.Build.0 = Debug|Any CPU
		{E5411004-1C91-40B4-BA14-A3A426256900}.Release|Any CPU.ActiveCfg = Release|Any CPU
		{E5411004-1C91-40B4-BA14-A3A426256900}.Release|Any CPU.Build.0 = Release|Any CPU
		{E5411004-1C91-40B4-BA14-A3A426256900}.Release|x64.ActiveCfg = Release|Any CPU
		{E5411004-1C91-40B4-BA14-A3A426256900}.Release|x64.Build.0 = Release|Any CPU
		{E5411004-1C91-40B4-BA14-A3A426256900}.Release|x86.ActiveCfg = Release|Any CPU
		{E5411004-1C91-40B4-BA14-A3A426256900}.Release|x86.Build.0 = Release|Any CPU
		{143C6D50-7AC1-4FB9-8651-689F73A3B823}.Debug|Any CPU.ActiveCfg = Debug|Any CPU
		{143C6D50-7AC1-4FB9-8651-689F73A3B823}.Debug|Any CPU.Build.0 = Debug|Any CPU
		{143C6D50-7AC1-4FB9-8651-689F73A3B823}.Debug|x64.ActiveCfg = Debug|Any CPU
		{143C6D50-7AC1-4FB9-8651-689F73A3B823}.Debug|x64.Build.0 = Debug|Any CPU
		{143C6D50-7AC1-4FB9-8651-689F73A3B823}.Debug|x86.ActiveCfg = Debug|Any CPU
		{143C6D50-7AC1-4FB9-8651-689F73A3B823}.Debug|x86.Build.0 = Debug|Any CPU
		{143C6D50-7AC1-4FB9-8651-689F73A3B823}.Release|Any CPU.ActiveCfg = Release|Any CPU
		{143C6D50-7AC1-4FB9-8651-689F73A3B823}.Release|Any CPU.Build.0 = Release|Any CPU
		{143C6D50-7AC1-4FB9-8651-689F73A3B823}.Release|x64.ActiveCfg = Release|Any CPU
		{143C6D50-7AC1-4FB9-8651-689F73A3B823}.Release|x64.Build.0 = Release|Any CPU
		{143C6D50-7AC1-4FB9-8651-689F73A3B823}.Release|x86.ActiveCfg = Release|Any CPU
		{143C6D50-7AC1-4FB9-8651-689F73A3B823}.Release|x86.Build.0 = Release|Any CPU
		{54EEAE05-7850-444A-8372-61E6F098AA22}.Debug|Any CPU.ActiveCfg = Debug|Any CPU
		{54EEAE05-7850-444A-8372-61E6F098AA22}.Debug|Any CPU.Build.0 = Debug|Any CPU
		{54EEAE05-7850-444A-8372-61E6F098AA22}.Debug|x64.ActiveCfg = Debug|Any CPU
		{54EEAE05-7850-444A-8372-61E6F098AA22}.Debug|x64.Build.0 = Debug|Any CPU
		{54EEAE05-7850-444A-8372-61E6F098AA22}.Debug|x86.ActiveCfg = Debug|Any CPU
		{54EEAE05-7850-444A-8372-61E6F098AA22}.Debug|x86.Build.0 = Debug|Any CPU
		{54EEAE05-7850-444A-8372-61E6F098AA22}.Release|Any CPU.ActiveCfg = Release|Any CPU
		{54EEAE05-7850-444A-8372-61E6F098AA22}.Release|Any CPU.Build.0 = Release|Any CPU
		{54EEAE05-7850-444A-8372-61E6F098AA22}.Release|x64.ActiveCfg = Release|Any CPU
		{54EEAE05-7850-444A-8372-61E6F098AA22}.Release|x64.Build.0 = Release|Any CPU
		{54EEAE05-7850-444A-8372-61E6F098AA22}.Release|x86.ActiveCfg = Release|Any CPU
		{54EEAE05-7850-444A-8372-61E6F098AA22}.Release|x86.Build.0 = Release|Any CPU
		{A229C078-26EC-40D8-849E-4141FEC03F05}.Debug|Any CPU.ActiveCfg = Debug|Any CPU
		{A229C078-26EC-40D8-849E-4141FEC03F05}.Debug|Any CPU.Build.0 = Debug|Any CPU
		{A229C078-26EC-40D8-849E-4141FEC03F05}.Debug|x64.ActiveCfg = Debug|Any CPU
		{A229C078-26EC-40D8-849E-4141FEC03F05}.Debug|x64.Build.0 = Debug|Any CPU
		{A229C078-26EC-40D8-849E-4141FEC03F05}.Debug|x86.ActiveCfg = Debug|Any CPU
		{A229C078-26EC-40D8-849E-4141FEC03F05}.Debug|x86.Build.0 = Debug|Any CPU
		{A229C078-26EC-40D8-849E-4141FEC03F05}.Release|Any CPU.ActiveCfg = Release|Any CPU
		{A229C078-26EC-40D8-849E-4141FEC03F05}.Release|Any CPU.Build.0 = Release|Any CPU
		{A229C078-26EC-40D8-849E-4141FEC03F05}.Release|x64.ActiveCfg = Release|Any CPU
		{A229C078-26EC-40D8-849E-4141FEC03F05}.Release|x64.Build.0 = Release|Any CPU
		{A229C078-26EC-40D8-849E-4141FEC03F05}.Release|x86.ActiveCfg = Release|Any CPU
		{A229C078-26EC-40D8-849E-4141FEC03F05}.Release|x86.Build.0 = Release|Any CPU
	EndGlobalSection
	GlobalSection(SolutionProperties) = preSolution
		HideSolutionNode = FALSE
	EndGlobalSection
	GlobalSection(NestedProjects) = preSolution
		{5E774426-FBC5-4740-B780-2F2EF30FA91D} = {827E0CD3-B72D-47B6-A68D-7590B98EB39B}
		{E5411004-1C91-40B4-BA14-A3A426256900} = {827E0CD3-B72D-47B6-A68D-7590B98EB39B}
		{143C6D50-7AC1-4FB9-8651-689F73A3B823} = {0AB3BF05-4346-4AA6-1389-037BE0695223}
		{54EEAE05-7850-444A-8372-61E6F098AA22} = {827E0CD3-B72D-47B6-A68D-7590B98EB39B}
		{A229C078-26EC-40D8-849E-4141FEC03F05} = {0AB3BF05-4346-4AA6-1389-037BE0695223}
	EndGlobalSection
EndGlobal
